# This file was autogenerated by uv via the following command:
#    uv pip compile --universal --extra dev pyproject.toml --output-file requirements.lock
aiohappyeyeballs==2.6.1
    # via aiohttp
aiohttp==3.13.2
    # via litellm
aiosignal==1.4.0
    # via aiohttp
annotated-types==0.7.0
    # via pydantic
anyio==4.11.0
    # via
    #   httpx
    #   openai
    #   watchfiles
attrs==25.4.0
    # via
    #   aiohttp
    #   jsonschema
    #   referencing
backoff==2.2.1
    # via posthog
bcrypt==5.0.0
    # via chromadb
build==1.3.0
    # via chromadb
cachetools==6.2.1
    # via google-auth
certifi==2025.10.5
    # via
    #   httpcore
    #   httpx
    #   kubernetes
    #   requests
charset-normalizer==3.4.4
    # via requests
chromadb==1.3.4
    # via cognitive-technique-mapper (pyproject.toml)
click==8.3.0
    # via
    #   click-default-group
    #   litellm
    #   sqlite-utils
    #   typer
    #   typer-slim
    #   uvicorn
click-default-group==1.2.4
    # via sqlite-utils
colorama==0.4.6 ; os_name == 'nt' or sys_platform == 'win32'
    # via
    #   build
    #   click
    #   pytest
    #   tqdm
    #   uvicorn
coloredlogs==15.0.1
    # via onnxruntime
coverage==7.11.2
    # via pytest-cov
distro==1.9.0
    # via
    #   openai
    #   posthog
durationpy==0.10
    # via kubernetes
fastuuid==0.14.0
    # via litellm
filelock==3.20.0
    # via huggingface-hub
flatbuffers==25.9.23
    # via onnxruntime
frozenlist==1.8.0
    # via
    #   aiohttp
    #   aiosignal
fsspec==2025.10.0
    # via huggingface-hub
google-auth==2.43.0
    # via kubernetes
googleapis-common-protos==1.72.0
    # via opentelemetry-exporter-otlp-proto-grpc
grpcio==1.76.0
    # via
    #   chromadb
    #   opentelemetry-exporter-otlp-proto-grpc
h11==0.16.0
    # via
    #   httpcore
    #   uvicorn
hf-xet==1.2.0 ; platform_machine == 'AMD64' or platform_machine == 'aarch64' or platform_machine == 'amd64' or platform_machine == 'arm64' or platform_machine == 'x86_64'
    # via huggingface-hub
httpcore==1.0.9
    # via httpx
httptools==0.7.1
    # via uvicorn
httpx==0.28.1
    # via
    #   chromadb
    #   huggingface-hub
    #   litellm
    #   openai
huggingface-hub==1.1.2
    # via tokenizers
humanfriendly==10.0
    # via coloredlogs
idna==3.11
    # via
    #   anyio
    #   httpx
    #   requests
    #   yarl
importlib-metadata==8.7.0
    # via
    #   litellm
    #   opentelemetry-api
importlib-resources==6.5.2
    # via chromadb
iniconfig==2.3.0
    # via pytest
jinja2==3.1.6
    # via litellm
jiter==0.11.1
    # via openai
jsonschema==4.25.1
    # via
    #   chromadb
    #   litellm
jsonschema-specifications==2025.9.1
    # via jsonschema
kubernetes==34.1.0
    # via chromadb
litellm==1.79.2
    # via cognitive-technique-mapper (pyproject.toml)
markdown-it-py==4.0.0
    # via rich
markupsafe==3.0.3
    # via jinja2
mdurl==0.1.2
    # via markdown-it-py
mmh3==5.2.0
    # via chromadb
mpmath==1.3.0
    # via sympy
multidict==6.7.0
    # via
    #   aiohttp
    #   yarl
mypy==1.18.2
    # via cognitive-technique-mapper (pyproject.toml)
mypy-extensions==1.1.0
    # via mypy
nodeenv==1.9.1
    # via pyright
numpy==2.3.4
    # via
    #   chromadb
    #   onnxruntime
oauthlib==3.3.1
    # via requests-oauthlib
onnxruntime==1.23.2
    # via chromadb
openai==2.7.1
    # via litellm
opentelemetry-api==1.38.0
    # via
    #   chromadb
    #   opentelemetry-exporter-otlp-proto-grpc
    #   opentelemetry-sdk
    #   opentelemetry-semantic-conventions
opentelemetry-exporter-otlp-proto-common==1.38.0
    # via opentelemetry-exporter-otlp-proto-grpc
opentelemetry-exporter-otlp-proto-grpc==1.38.0
    # via chromadb
opentelemetry-proto==1.38.0
    # via
    #   opentelemetry-exporter-otlp-proto-common
    #   opentelemetry-exporter-otlp-proto-grpc
opentelemetry-sdk==1.38.0
    # via
    #   chromadb
    #   opentelemetry-exporter-otlp-proto-grpc
opentelemetry-semantic-conventions==0.59b0
    # via opentelemetry-sdk
orjson==3.11.4
    # via chromadb
overrides==7.7.0
    # via chromadb
packaging==25.0
    # via
    #   build
    #   huggingface-hub
    #   onnxruntime
    #   pytest
pathspec==0.12.1
    # via mypy
pluggy==1.6.0
    # via
    #   pytest
    #   pytest-cov
    #   sqlite-utils
posthog==5.4.0
    # via chromadb
propcache==0.4.1
    # via
    #   aiohttp
    #   yarl
protobuf==6.33.0
    # via
    #   googleapis-common-protos
    #   onnxruntime
    #   opentelemetry-proto
pyasn1==0.6.1
    # via
    #   pyasn1-modules
    #   rsa
pyasn1-modules==0.4.2
    # via google-auth
pybase64==1.4.2
    # via chromadb
pydantic==2.12.4
    # via
    #   cognitive-technique-mapper (pyproject.toml)
    #   chromadb
    #   litellm
    #   openai
pydantic-core==2.41.5
    # via pydantic
pygments==2.19.2
    # via
    #   pytest
    #   rich
pypika==0.48.9
    # via chromadb
pyproject-hooks==1.2.0
    # via build
pyreadline3==3.5.4 ; sys_platform == 'win32'
    # via humanfriendly
pyright==1.1.407
    # via cognitive-technique-mapper (pyproject.toml)
pytest==9.0.0
    # via
    #   cognitive-technique-mapper (pyproject.toml)
    #   pytest-cov
pytest-cov==7.0.0
    # via cognitive-technique-mapper (pyproject.toml)
python-dateutil==2.9.0.post0
    # via
    #   kubernetes
    #   posthog
    #   sqlite-utils
python-dotenv==1.2.1
    # via
    #   litellm
    #   uvicorn
pyyaml==6.0.3
    # via
    #   cognitive-technique-mapper (pyproject.toml)
    #   chromadb
    #   huggingface-hub
    #   kubernetes
    #   uvicorn
referencing==0.37.0
    # via
    #   jsonschema
    #   jsonschema-specifications
regex==2025.11.3
    # via tiktoken
requests==2.32.5
    # via
    #   kubernetes
    #   posthog
    #   requests-oauthlib
    #   tiktoken
requests-oauthlib==2.0.0
    # via kubernetes
rich==14.2.0
    # via
    #   cognitive-technique-mapper (pyproject.toml)
    #   chromadb
    #   typer
rpds-py==0.28.0
    # via
    #   jsonschema
    #   referencing
rsa==4.9.1
    # via google-auth
ruff==0.14.4
    # via cognitive-technique-mapper (pyproject.toml)
shellingham==1.5.4
    # via
    #   huggingface-hub
    #   typer
six==1.17.0
    # via
    #   kubernetes
    #   posthog
    #   python-dateutil
sniffio==1.3.1
    # via
    #   anyio
    #   openai
sqlite-fts4==1.0.3
    # via sqlite-utils
sqlite-utils==3.38
    # via cognitive-technique-mapper (pyproject.toml)
sympy==1.14.0
    # via onnxruntime
tabulate==0.9.0
    # via sqlite-utils
tenacity==9.1.2
    # via
    #   cognitive-technique-mapper (pyproject.toml)
    #   chromadb
tiktoken==0.12.0
    # via litellm
tokenizers==0.22.1
    # via
    #   chromadb
    #   litellm
tqdm==4.67.1
    # via
    #   chromadb
    #   huggingface-hub
    #   openai
typer==0.20.0
    # via
    #   cognitive-technique-mapper (pyproject.toml)
    #   chromadb
typer-slim==0.20.0
    # via huggingface-hub
types-pyyaml==6.0.12.20250915
    # via cognitive-technique-mapper (pyproject.toml)
typing-extensions==4.15.0
    # via
    #   aiosignal
    #   anyio
    #   chromadb
    #   grpcio
    #   huggingface-hub
    #   mypy
    #   openai
    #   opentelemetry-api
    #   opentelemetry-exporter-otlp-proto-grpc
    #   opentelemetry-sdk
    #   opentelemetry-semantic-conventions
    #   pydantic
    #   pydantic-core
    #   pyright
    #   referencing
    #   typer
    #   typer-slim
    #   typing-inspection
typing-inspection==0.4.2
    # via pydantic
urllib3==2.3.0
    # via
    #   kubernetes
    #   requests
uvicorn==0.38.0
    # via chromadb
uvloop==0.22.1 ; platform_python_implementation != 'PyPy' and sys_platform != 'cygwin' and sys_platform != 'win32'
    # via uvicorn
watchfiles==1.1.1
    # via uvicorn
websocket-client==1.9.0
    # via kubernetes
websockets==15.0.1
    # via uvicorn
yarl==1.22.0
    # via aiohttp
zipp==3.23.0
    # via importlib-metadata
